// !$*UTF8*$!
{
	archiveVersion = 1;
	classes = {
	};
	objectVersion = 77;
	objects = {

/* Begin PBXContainerItemProxy section */
		9D15F6692CC3E6390089C754 /* PBXContainerItemProxy */ = {
			isa = PBXContainerItemProxy;
			containerPortal = 9D15F6502CC3E6380089C754 /* Project object */;
			proxyType = 1;
			remoteGlobalIDString = 9D15F6572CC3E6380089C754;
			remoteInfo = best_picture_winners;
		};
		9D15F6732CC3E6390089C754 /* PBXContainerItemProxy */ = {
			isa = PBXContainerItemProxy;
			containerPortal = 9D15F6502CC3E6380089C754 /* Project object */;
			proxyType = 1;
			remoteGlobalIDString = 9D15F6572CC3E6380089C754;
			remoteInfo = best_picture_winners;
		};
/* End PBXContainerItemProxy section */

/* Begin PBXFileReference section */
		9D15F6582CC3E6380089C754 /* best_picture_winners.app */ = {isa = PBXFileReference; explicitFileType = wrapper.application; includeInIndex = 0; path = best_picture_winners.app; sourceTree = BUILT_PRODUCTS_DIR; };
		9D15F6682CC3E6390089C754 /* best_picture_winnersTests.xctest */ = {isa = PBXFileReference; explicitFileType = wrapper.cfbundle; includeInIndex = 0; path = best_picture_winnersTests.xctest; sourceTree = BUILT_PRODUCTS_DIR; };
		9D15F6722CC3E6390089C754 /* best_picture_winnersUITests.xctest */ = {isa = PBXFileReference; explicitFileType = wrapper.cfbundle; includeInIndex = 0; path = best_picture_winnersUITests.xctest; sourceTree = BUILT_PRODUCTS_DIR; };
/* End PBXFileReference section */

/* Begin PBXFileSystemSynchronizedRootGroup section */
		9D15F65A2CC3E6380089C754 /* best_picture_winners */ = {
			isa = PBXFileSystemSynchronizedRootGroup;
			path = best_picture_winners;
			sourceTree = "<group>";
		};
		9D15F66B2CC3E6390089C754 /* best_picture_winnersTests */ = {
			isa = PBXFileSystemSynchronizedRootGroup;
			path = best_picture_winnersTests;
			sourceTree = "<group>";
		};
		9D15F6752CC3E6390089C754 /* best_picture_winnersUITests */ = {
			isa = PBXFileSystemSynchronizedRootGroup;
			path = best_picture_winnersUITests;
			sourceTree = "<group>";
		};
/* End PBXFileSystemSynchronizedRootGroup section */

/* Begin PBXFrameworksBuildPhase section */
		9D15F6552CC3E6380089C754 /* Frameworks */ = {
			isa = PBXFrameworksBuildPhase;
			buildActionMask = 2147483647;
			files = (
			);
			runOnlyForDeploymentPostprocessing = 0;
		};
		9D15F6652CC3E6390089C754 /* Frameworks */ = {
			isa = PBXFrameworksBuildPhase;
			buildActionMask = 2147483647;
			files = (
			);
			runOnlyForDeploymentPostprocessing = 0;
		};
		9D15F66F2CC3E6390089C754 /* Frameworks */ = {
			isa = PBXFrameworksBuildPhase;
			buildActionMask = 2147483647;
			files = (
			);
			runOnlyForDeploymentPostprocessing = 0;
		};
/* End PBXFrameworksBuildPhase section */

/* Begin PBXGroup section */
		9D15F64F2CC3E6380089C754 = {
			isa = PBXGroup;
			children = (
				9D15F65A2CC3E6380089C754 /* best_picture_winners */,
				9D15F66B2CC3E6390089C754 /* best_picture_winnersTests */,
				9D15F6752CC3E6390089C754 /* best_picture_winnersUITests */,
				9D15F6592CC3E6380089C754 /* Products */,
			);
			sourceTree = "<group>";
		};
		9D15F6592CC3E6380089C754 /* Products */ = {
			isa = PBXGroup;
			children = (
				9D15F6582CC3E6380089C754 /* best_picture_winners.app */,
				9D15F6682CC3E6390089C754 /* best_picture_winnersTests.xctest */,
				9D15F6722CC3E6390089C754 /* best_picture_winnersUITests.xctest */,
			);
			name = Products;
			sourceTree = "<group>";
		};
/* End PBXGroup section */

/* Begin PBXNativeTarget section */
		9D15F6572CC3E6380089C754 /* best_picture_winners */ = {
			isa = PBXNativeTarget;
			buildConfigurationList = 9D15F67C2CC3E6390089C754 /* Build configuration list for PBXNativeTarget "best_picture_winners" */;
			buildPhases = (
				9D15F6542CC3E6380089C754 /* Sources */,
				9D15F6552CC3E6380089C754 /* Frameworks */,
				9D15F6562CC3E6380089C754 /* Resources */,
			);
			buildRules = (
			);
			dependencies = (
			);
			fileSystemSynchronizedGroups = (
				9D15F65A2CC3E6380089C754 /* best_picture_winners */,
			);
			name = best_picture_winners;
			packageProductDependencies = (
			);
			productName = best_picture_winners;
			productReference = 9D15F6582CC3E6380089C754 /* best_picture_winners.app */;
			productType = "com.apple.product-type.application";
		};
		9D15F6672CC3E6390089C754 /* best_picture_winnersTests */ = {
			isa = PBXNativeTarget;
			buildConfigurationList = 9D15F67F2CC3E6390089C754 /* Build configuration list for PBXNativeTarget "best_picture_winnersTests" */;
			buildPhases = (
				9D15F6642CC3E6390089C754 /* Sources */,
				9D15F6652CC3E6390089C754 /* Frameworks */,
				9D15F6662CC3E6390089C754 /* Resources */,
			);
			buildRules = (
			);
			dependencies = (
				9D15F66A2CC3E6390089C754 /* PBXTargetDependency */,
			);
			fileSystemSynchronizedGroups = (
				9D15F66B2CC3E6390089C754 /* best_picture_winnersTests */,
			);
			name = best_picture_winnersTests;
			packageProductDependencies = (
			);
			productName = best_picture_winnersTests;
			productReference = 9D15F6682CC3E6390089C754 /* best_picture_winnersTests.xctest */;
			productType = "com.apple.product-type.bundle.unit-test";
		};
		9D15F6712CC3E6390089C754 /* best_picture_winnersUITests */ = {
			isa = PBXNativeTarget;
			buildConfigurationList = 9D15F6822CC3E6390089C754 /* Build configuration list for PBXNativeTarget "best_picture_winnersUITests" */;
			buildPhases = (
				9D15F66E2CC3E6390089C754 /* Sources */,
				9D15F66F2CC3E6390089C754 /* Frameworks */,
				9D15F6702CC3E6390089C754 /* Resources */,
			);
			buildRules = (
			);
			dependencies = (
				9D15F6742CC3E6390089C754 /* PBXTargetDependency */,
			);
			fileSystemSynchronizedGroups = (
				9D15F6752CC3E6390089C754 /* best_picture_winnersUITests */,
			);
			name = best_picture_winnersUITests;
			packageProductDependencies = (
			);
			productName = best_picture_winnersUITests;
			productReference = 9D15F6722CC3E6390089C754 /* best_picture_winnersUITests.xctest */;
			productType = "com.apple.product-type.bundle.ui-testing";
		};
/* End PBXNativeTarget section */

/* Begin PBXProject section */
		9D15F6502CC3E6380089C754 /* Project object */ = {
			isa = PBXProject;
			attributes = {
				BuildIndependentTargetsInParallel = 1;
				LastSwiftUpdateCheck = 1600;
				LastUpgradeCheck = 1600;
				TargetAttributes = {
					9D15F6572CC3E6380089C754 = {
						CreatedOnToolsVersion = 16.0;
					};
					9D15F6672CC3E6390089C754 = {
						CreatedOnToolsVersion = 16.0;
						TestTargetID = 9D15F6572CC3E6380089C754;
					};
					9D15F6712CC3E6390089C754 = {
						CreatedOnToolsVersion = 16.0;
						TestTargetID = 9D15F6572CC3E6380089C754;
					};
				};
			};
			buildConfigurationList = 9D15F6532CC3E6380089C754 /* Build configuration list for PBXProject "best_picture_winners" */;
			developmentRegion = en;
			hasScannedForEncodings = 0;
			knownRegions = (
				en,
				Base,
			);
			mainGroup = 9D15F64F2CC3E6380089C754;
			minimizedProjectReferenceProxies = 1;
			preferredProjectObjectVersion = 77;
			productRefGroup = 9D15F6592CC3E6380089C754 /* Products */;
			projectDirPath = "";
			projectRoot = "";
			targets = (
				9D15F6572CC3E6380089C754 /* best_picture_winners */,
				9D15F6672CC3E6390089C754 /* best_picture_winnersTests */,
				9D15F6712CC3E6390089C754 /* best_picture_winnersUITests */,
			);
		};
/* End PBXProject section */

/* Begin PBXResourcesBuildPhase section */
		9D15F6562CC3E6380089C754 /* Resources */ = {
			isa = PBXResourcesBuildPhase;
			buildActionMask = 2147483647;
			files = (
			);
			runOnlyForDeploymentPostprocessing = 0;
		};
		9D15F6662CC3E6390089C754 /* Resources */ = {
			isa = PBXResourcesBuildPhase;
			buildActionMask = 2147483647;
			files = (
			);
			runOnlyForDeploymentPostprocessing = 0;
		};
		9D15F6702CC3E6390089C754 /* Resources */ = {
			isa = PBXResourcesBuildPhase;
			buildActionMask = 2147483647;
			files = (
			);
			runOnlyForDeploymentPostprocessing = 0;
		};
/* End PBXResourcesBuildPhase section */

/* Begin PBXSourcesBuildPhase section */
		9D15F6542CC3E6380089C754 /* Sources */ = {
			isa = PBXSourcesBuildPhase;
			buildActionMask = 2147483647;
			files = (
			);
			runOnlyForDeploymentPostprocessing = 0;
		};
		9D15F6642CC3E6390089C754 /* Sources */ = {
			isa = PBXSourcesBuildPhase;
			buildActionMask = 2147483647;
			files = (
			);
			runOnlyForDeploymentPostprocessing = 0;
		};
		9D15F66E2CC3E6390089C754 /* Sources */ = {
			isa = PBXSourcesBuildPhase;
			buildActionMask = 2147483647;
			files = (
			);
			runOnlyForDeploymentPostprocessing = 0;
		};
/* End PBXSourcesBuildPhase section */

/* Begin PBXTargetDependency section */
		9D15F66A2CC3E6390089C754 /* PBXTargetDependency */ = {
			isa = PBXTargetDependency;
			target = 9D15F6572CC3E6380089C754 /* best_picture_winners */;
			targetProxy = 9D15F6692CC3E6390089C754 /* PBXContainerItemProxy */;
		};
		9D15F6742CC3E6390089C754 /* PBXTargetDependency */ = {
			isa = PBXTargetDependency;
			target = 9D15F6572CC3E6380089C754 /* best_picture_winners */;
			targetProxy = 9D15F6732CC3E6390089C754 /* PBXContainerItemProxy */;
		};
/* End PBXTargetDependency section */

/* Begin XCBuildConfiguration section */
		9D15F67A2CC3E6390089C754 /* Debug */ = {
			isa = XCBuildConfiguration;
			buildSettings = {
				ALWAYS_SEARCH_USER_PATHS = NO;
				ASSETCATALOG_COMPILER_GENERATE_SWIFT_ASSET_SYMBOL_EXTENSIONS = YES;
				CLANG_ANALYZER_NONNULL = YES;
				CLANG_ANALYZER_NUMBER_OBJECT_CONVERSION = YES_AGGRESSIVE;
				CLANG_CXX_LANGUAGE_STANDARD = "gnu++20";
				CLANG_ENABLE_MODULES = YES;
				CLANG_ENABLE_OBJC_ARC = YES;
				CLANG_ENABLE_OBJC_WEAK = YES;
				CLANG_WARN_BLOCK_CAPTURE_AUTORELEASING = YES;
				CLANG_WARN_BOOL_CONVERSION = YES;
				CLANG_WARN_COMMA = YES;
				CLANG_WARN_CONSTANT_CONVERSION = YES;
				CLANG_WARN_DEPRECATED_OBJC_IMPLEMENTATIONS = YES;
				CLANG_WARN_DIRECT_OBJC_ISA_USAGE = YES_ERROR;
				CLANG_WARN_DOCUMENTATION_COMMENTS = YES;
				CLANG_WARN_EMPTY_BODY = YES;
				CLANG_WARN_ENUM_CONVERSION = YES;
				CLANG_WARN_INFINITE_RECURSION = YES;
				CLANG_WARN_INT_CONVERSION = YES;
				CLANG_WARN_NON_LITERAL_NULL_CONVERSION = YES;
				CLANG_WARN_OBJC_IMPLICIT_RETAIN_SELF = YES;
				CLANG_WARN_OBJC_LITERAL_CONVERSION = YES;
				CLANG_WARN_OBJC_ROOT_CLASS = YES_ERROR;
				CLANG_WARN_QUOTED_INCLUDE_IN_FRAMEWORK_HEADER = YES;
				CLANG_WARN_RANGE_LOOP_ANALYSIS = YES;
				CLANG_WARN_STRICT_PROTOTYPES = YES;
				CLANG_WARN_SUSPICIOUS_MOVE = YES;
				CLANG_WARN_UNGUARDED_AVAILABILITY = YES_AGGRESSIVE;
				CLANG_WARN_UNREACHABLE_CODE = YES;
				CLANG_WARN__DUPLICATE_METHOD_MATCH = YES;
				COPY_PHASE_STRIP = NO;
				DEBUG_INFORMATION_FORMAT = dwarf;
				ENABLE_STRICT_OBJC_MSGSEND = YES;
				ENABLE_TESTABILITY = YES;
				ENABLE_USER_SCRIPT_SANDBOXING = YES;
				GCC_C_LANGUAGE_STANDARD = gnu17;
				GCC_DYNAMIC_NO_PIC = NO;
				GCC_NO_COMMON_BLOCKS = YES;
				GCC_OPTIMIZATION_LEVEL = 0;
				GCC_PREPROCESSOR_DEFINITIONS = (
					"DEBUG=1",
					"$(inherited)",
				);
				GCC_WARN_64_TO_32_BIT_CONVERSION = YES;
				GCC_WARN_ABOUT_RETURN_TYPE = YES_ERROR;
				GCC_WARN_UNDECLARED_SELECTOR = YES;
				GCC_WARN_UNINITIALIZED_AUTOS = YES_AGGRESSIVE;
				GCC_WARN_UNUSED_FUNCTION = YES;
				GCC_WARN_UNUSED_VARIABLE = YES;
				IPHONEOS_DEPLOYMENT_TARGET = 18.0;
				LOCALIZATION_PREFERS_STRING_CATALOGS = YES;
				MTL_ENABLE_DEBUG_INFO = INCLUDE_SOURCE;
				MTL_FAST_MATH = YES;
				ONLY_ACTIVE_ARCH = YES;
				SDKROOT = iphoneos;
				SWIFT_ACTIVE_COMPILATION_CONDITIONS = "DEBUG $(inherited)";
				SWIFT_OPTIMIZATION_LEVEL = "-Onone";
			};
			name = Debug;
		};
		9D15F67B2CC3E6390089C754 /* Release */ = {
			isa = XCBuildConfiguration;
			buildSettings = {
				ALWAYS_SEARCH_USER_PATHS = NO;
				ASSETCATALOG_COMPILER_GENERATE_SWIFT_ASSET_SYMBOL_EXTENSIONS = YES;
				CLANG_ANALYZER_NONNULL = YES;
				CLANG_ANALYZER_NUMBER_OBJECT_CONVERSION = YES_AGGRESSIVE;
				CLANG_CXX_LANGUAGE_STANDARD = "gnu++20";
				CLANG_ENABLE_MODULES = YES;
				CLANG_ENABLE_OBJC_ARC = YES;
				CLANG_ENABLE_OBJC_WEAK = YES;
				CLANG_WARN_BLOCK_CAPTURE_AUTORELEASING = YES;
				CLANG_WARN_BOOL_CONVERSION = YES;
				CLANG_WARN_COMMA = YES;
				CLANG_WARN_CONSTANT_CONVERSION = YES;
				CLANG_WARN_DEPRECATED_OBJC_IMPLEMENTATIONS = YES;
				CLANG_WARN_DIRECT_OBJC_ISA_USAGE = YES_ERROR;
				CLANG_WARN_DOCUMENTATION_COMMENTS = YES;
				CLANG_WARN_EMPTY_BODY = YES;
				CLANG_WARN_ENUM_CONVERSION = YES;
				CLANG_WARN_INFINITE_RECURSION = YES;
				CLANG_WARN_INT_CONVERSION = YES;
				CLANG_WARN_NON_LITERAL_NULL_CONVERSION = YES;
				CLANG_WARN_OBJC_IMPLICIT_RETAIN_SELF = YES;
				CLANG_WARN_OBJC_LITERAL_CONVERSION = YES;
				CLANG_WARN_OBJC_ROOT_CLASS = YES_ERROR;
				CLANG_WARN_QUOTED_INCLUDE_IN_FRAMEWORK_HEADER = YES;
				CLANG_WARN_RANGE_LOOP_ANALYSIS = YES;
				CLANG_WARN_STRICT_PROTOTYPES = YES;
				CLANG_WARN_SUSPICIOUS_MOVE = YES;
				CLANG_WARN_UNGUARDED_AVAILABILITY = YES_AGGRESSIVE;
				CLANG_WARN_UNREACHABLE_CODE = YES;
				CLANG_WARN__DUPLICATE_METHOD_MATCH = YES;
				COPY_PHASE_STRIP = NO;
				DEBUG_INFORMATION_FORMAT = "dwarf-with-dsym";
				ENABLE_NS_ASSERTIONS = NO;
				ENABLE_STRICT_OBJC_MSGSEND = YES;
				ENABLE_USER_SCRIPT_SANDBOXING = YES;
				GCC_C_LANGUAGE_STANDARD = gnu17;
				GCC_NO_COMMON_BLOCKS = YES;
				GCC_WARN_64_TO_32_BIT_CONVERSION = YES;
				GCC_WARN_ABOUT_RETURN_TYPE = YES_ERROR;
				GCC_WARN_UNDECLARED_SELECTOR = YES;
				GCC_WARN_UNINITIALIZED_AUTOS = YES_AGGRESSIVE;
				GCC_WARN_UNUSED_FUNCTION = YES;
				GCC_WARN_UNUSED_VARIABLE = YES;
				IPHONEOS_DEPLOYMENT_TARGET = 18.0;
				LOCALIZATION_PREFERS_STRING_CATALOGS = YES;
				MTL_ENABLE_DEBUG_INFO = NO;
				MTL_FAST_MATH = YES;
				SDKROOT = iphoneos;
				SWIFT_COMPILATION_MODE = wholemodule;
				VALIDATE_PRODUCT = YES;
			};
			name = Release;
		};
		9D15F67D2CC3E6390089C754 /* Debug */ = {
			isa = XCBuildConfiguration;
			buildSettings = {
				ASSETCATALOG_COMPILER_APPICON_NAME = AppIcon;
				ASSETCATALOG_COMPILER_GLOBAL_ACCENT_COLOR_NAME = AccentColor;
				CODE_SIGN_STYLE = Automatic;
				CURRENT_PROJECT_VERSION = 1;
				DEVELOPMENT_ASSET_PATHS = "\"best_picture_winners/Preview Content\"";
				DEVELOPMENT_TEAM = 7S488W76G2;
				ENABLE_PREVIEWS = YES;
				GENERATE_INFOPLIST_FILE = YES;
				INFOPLIST_KEY_UIApplicationSceneManifest_Generation = YES;
				INFOPLIST_KEY_UIApplicationSupportsIndirectInputEvents = YES;
				INFOPLIST_KEY_UILaunchScreen_Generation = YES;
				INFOPLIST_KEY_UISupportedInterfaceOrientations_iPad = "UIInterfaceOrientationPortrait UIInterfaceOrientationPortraitUpsideDown UIInterfaceOrientationLandscapeLeft UIInterfaceOrientationLandscapeRight";
				INFOPLIST_KEY_UISupportedInterfaceOrientations_iPhone = "UIInterfaceOrientationPortrait UIInterfaceOrientationLandscapeLeft UIInterfaceOrientationLandscapeRight";
				LD_RUNPATH_SEARCH_PATHS = (
					"$(inherited)",
					"@executable_path/Frameworks",
				);
				MARKETING_VERSION = 1.0;
				PRODUCT_BUNDLE_IDENTIFIER = "TC-JD.best-picture-winners";
				PRODUCT_NAME = "$(TARGET_NAME)";
				SWIFT_EMIT_LOC_STRINGS = YES;
				SWIFT_VERSION = 5.0;
				TARGETED_DEVICE_FAMILY = "1,2";
			};
			name = Debug;
		};
		9D15F67E2CC3E6390089C754 /* Release */ = {
			isa = XCBuildConfiguration;
			buildSettings = {
				ASSETCATALOG_COMPILER_APPICON_NAME = AppIcon;
				ASSETCATALOG_COMPILER_GLOBAL_ACCENT_COLOR_NAME = AccentColor;
				CODE_SIGN_STYLE = Automatic;
				CURRENT_PROJECT_VERSION = 1;
				DEVELOPMENT_ASSET_PATHS = "\"best_picture_winners/Preview Content\"";
				DEVELOPMENT_TEAM = 7S488W76G2;
				ENABLE_PREVIEWS = YES;
				GENERATE_INFOPLIST_FILE = YES;
				INFOPLIST_KEY_UIApplicationSceneManifest_Generation = YES;
				INFOPLIST_KEY_UIApplicationSupportsIndirectInputEvents = YES;
				INFOPLIST_KEY_UILaunchScreen_Generation = YES;
				INFOPLIST_KEY_UISupportedInterfaceOrientations_iPad = "UIInterfaceOrientationPortrait UIInterfaceOrientationPortraitUpsideDown UIInterfaceOrientationLandscapeLeft UIInterfaceOrientationLandscapeRight";
				INFOPLIST_KEY_UISupportedInterfaceOrientations_iPhone = "UIInterfaceOrientationPortrait UIInterfaceOrientationLandscapeLeft UIInterfaceOrientationLandscapeRight";
				LD_RUNPATH_SEARCH_PATHS = (
					"$(inherited)",
					"@executable_path/Frameworks",
				);
				MARKETING_VERSION = 1.0;
				PRODUCT_BUNDLE_IDENTIFIER = "TC-JD.best-picture-winners";
				PRODUCT_NAME = "$(TARGET_NAME)";
				SWIFT_EMIT_LOC_STRINGS = YES;
				SWIFT_VERSION = 5.0;
				TARGETED_DEVICE_FAMILY = "1,2";
			};
			name = Release;
		};
		9D15F6802CC3E6390089C754 /* Debug */ = {
			isa = XCBuildConfiguration;
			buildSettings = {
				BUNDLE_LOADER = "$(TEST_HOST)";
				CODE_SIGN_STYLE = Automatic;
				CURRENT_PROJECT_VERSION = 1;
				DEVELOPMENT_TEAM = 7S488W76G2;
				GENERATE_INFOPLIST_FILE = YES;
				IPHONEOS_DEPLOYMENT_TARGET = 18.0;
				MARKETING_VERSION = 1.0;
				PRODUCT_BUNDLE_IDENTIFIER = "TC-JD.best-picture-winnersTests";
				PRODUCT_NAME = "$(TARGET_NAME)";
				SWIFT_EMIT_LOC_STRINGS = NO;
				SWIFT_VERSION = 5.0;
				TARGETED_DEVICE_FAMILY = "1,2";
				TEST_HOST = "$(BUILT_PRODUCTS_DIR)/best_picture_winners.app/$(BUNDLE_EXECUTABLE_FOLDER_PATH)/best_picture_winners";
			};
			name = Debug;
		};
		9D15F6812CC3E6390089C754 /* Release */ = {
			isa = XCBuildConfiguration;
			buildSettings = {
				BUNDLE_LOADER = "$(TEST_HOST)";
				CODE_SIGN_STYLE = Automatic;
				CURRENT_PROJECT_VERSION = 1;
				DEVELOPMENT_TEAM = 7S488W76G2;
				GENERATE_INFOPLIST_FILE = YES;
				IPHONEOS_DEPLOYMENT_TARGET = 18.0;
				MARKETING_VERSION = 1.0;
				PRODUCT_BUNDLE_IDENTIFIER = "TC-JD.best-picture-winnersTests";
				PRODUCT_NAME = "$(TARGET_NAME)";
				SWIFT_EMIT_LOC_STRINGS = NO;
				SWIFT_VERSION = 5.0;
				TARGETED_DEVICE_FAMILY = "1,2";
				TEST_HOST = "$(BUILT_PRODUCTS_DIR)/best_picture_winners.app/$(BUNDLE_EXECUTABLE_FOLDER_PATH)/best_picture_winners";
			};
			name = Release;
		};
		9D15F6832CC3E6390089C754 /* Debug */ = {
			isa = XCBuildConfiguration;
			buildSettings = {
				CODE_SIGN_STYLE = Automatic;
				CURRENT_PROJECT_VERSION = 1;
				DEVELOPMENT_TEAM = 7S488W76G2;
				GENERATE_INFOPLIST_FILE = YES;
				MARKETING_VERSION = 1.0;
				PRODUCT_BUNDLE_IDENTIFIER = "TC-JD.best-picture-winnersUITests";
				PRODUCT_NAME = "$(TARGET_NAME)";
				SWIFT_EMIT_LOC_STRINGS = NO;
				SWIFT_VERSION = 5.0;
				TARGETED_DEVICE_FAMILY = "1,2";
				TEST_TARGET_NAME = best_picture_winners;
			};
			name = Debug;
		};
		9D15F6842CC3E6390089C754 /* Release */ = {
			isa = XCBuildConfiguration;
			buildSettings = {
				CODE_SIGN_STYLE = Automatic;
				CURRENT_PROJECT_VERSION = 1;
				DEVELOPMENT_TEAM = 7S488W76G2;
				GENERATE_INFOPLIST_FILE = YES;
				MARKETING_VERSION = 1.0;
				PRODUCT_BUNDLE_IDENTIFIER = "TC-JD.best-picture-winnersUITests";
				PRODUCT_NAME = "$(TARGET_NAME)";
				SWIFT_EMIT_LOC_STRINGS = NO;
				SWIFT_VERSION = 5.0;
				TARGETED_DEVICE_FAMILY = "1,2";
				TEST_TARGET_NAME = best_picture_winners;
			};
			name = Release;
		};
/* End XCBuildConfiguration section */

/* Begin XCConfigurationList section */
		9D15F6532CC3E6380089C754 /* Build configuration list for PBXProject "best_picture_winners" */ = {
			isa = XCConfigurationList;
			buildConfigurations = (
				9D15F67A2CC3E6390089C754 /* Debug */,
				9D15F67B2CC3E6390089C754 /* Release */,
			);
			defaultConfigurationIsVisible = 0;
			defaultConfigurationName = Release;
		};
		9D15F67C2CC3E6390089C754 /* Build configuration list for PBXNativeTarget "best_picture_winners" */ = {
			isa = XCConfigurationList;
			buildConfigurations = (
				9D15F67D2CC3E6390089C754 /* Debug */,
				9D15F67E2CC3E6390089C754 /* Release */,
			);
			defaultConfigurationIsVisible = 0;
			defaultConfigurationName = Release;
		};
		9D15F67F2CC3E6390089C754 /* Build configuration list for PBXNativeTarget "best_picture_winnersTests" */ = {
			isa = XCConfigurationList;
			buildConfigurations = (
				9D15F6802CC3E6390089C754 /* Debug */,
				9D15F6812CC3E6390089C754 /* Release */,
			);
			defaultConfigurationIsVisible = 0;
			defaultConfigurationName = Release;
		};
		9D15F6822CC3E6390089C754 /* Build configuration list for PBXNativeTarget "best_picture_winnersUITests" */ = {
			isa = XCConfigurationList;
			buildConfigurations = (
				9D15F6832CC3E6390089C754 /* Debug */,
				9D15F6842CC3E6390089C754 /* Release */,
			);
			defaultConfigurationIsVisible = 0;
			defaultConfigurationName = Release;
		};
/* End XCConfigurationList section */
	};
	rootObject = 9D15F6502CC3E6380089C754 /* Project object */;
}
